
Microsoft Visual Studio Solution File, Format Version 12.00
# Visual Studio Version 16
VisualStudioVersion = 16.0.30523.141
MinimumVisualStudioVersion = 10.0.40219.1
Project("{9A19103F-16F7-4668-BE54-9A1E7A4F7556}") = "InvestoAPI.Web", "InvestoAPI.Web.csproj", "{867236B2-D7BB-4789-9913-CE890D8556C6}"
EndProject
Project("{9A19103F-16F7-4668-BE54-9A1E7A4F7556}") = "HistoricDataImporter", "..\HistoricDataImporter\HistoricDataImporter.csproj", "{000F68A9-6C40-424C-9C91-9B0B60C3D72C}"
EndProject
Project("{9A19103F-16F7-4668-BE54-9A1E7A4F7556}") = "InvestoAPI.Core", "..\InvestoAPI.Core\InvestoAPI.Core.csproj", "{1E37EE1D-2560-42B5-9B81-FB23153575AA}"
EndProject
Project("{9A19103F-16F7-4668-BE54-9A1E7A4F7556}") = "InvestoAPI.Infrastructure", "..\InvestoAPI.Infrastructure\InvestoAPI.Infrastructure.csproj", "{05855E11-CDC3-4CEC-ABBC-E41C2239BE52}"
EndProject
Project("{FAE04EC0-301F-11D3-BF4B-00C04F79EFBC}") = "InvestoAPI.Shared", "..\InvestoAPI.Shared\InvestoAPI.Shared.csproj", "{0633DD6D-153F-4478-88B6-7B4FEC50D0AA}"
EndProject
Global
	GlobalSection(SolutionConfigurationPlatforms) = preSolution
		Debug|Any CPU = Debug|Any CPU
		Release|Any CPU = Release|Any CPU
	EndGlobalSection
	GlobalSection(ProjectConfigurationPlatforms) = postSolution
		{867236B2-D7BB-4789-9913-CE890D8556C6}.Debug|Any CPU.ActiveCfg = Debug|Any CPU
		{867236B2-D7BB-4789-9913-CE890D8556C6}.Debug|Any CPU.Build.0 = Debug|Any CPU
		{867236B2-D7BB-4789-9913-CE890D8556C6}.Release|Any CPU.ActiveCfg = Release|Any CPU
		{867236B2-D7BB-4789-9913-CE890D8556C6}.Release|Any CPU.Build.0 = Release|Any CPU
		{000F68A9-6C40-424C-9C91-9B0B60C3D72C}.Debug|Any CPU.ActiveCfg = Debug|Any CPU
		{000F68A9-6C40-424C-9C91-9B0B60C3D72C}.Debug|Any CPU.Build.0 = Debug|Any CPU
		{000F68A9-6C40-424C-9C91-9B0B60C3D72C}.Release|Any CPU.ActiveCfg = Release|Any CPU
		{000F68A9-6C40-424C-9C91-9B0B60C3D72C}.Release|Any CPU.Build.0 = Release|Any CPU
		{1E37EE1D-2560-42B5-9B81-FB23153575AA}.Debug|Any CPU.ActiveCfg = Debug|Any CPU
		{1E37EE1D-2560-42B5-9B81-FB23153575AA}.Debug|Any CPU.Build.0 = Debug|Any CPU
		{1E37EE1D-2560-42B5-9B81-FB23153575AA}.Release|Any CPU.ActiveCfg = Release|Any CPU
		{1E37EE1D-2560-42B5-9B81-FB23153575AA}.Release|Any CPU.Build.0 = Release|Any CPU
		{05855E11-CDC3-4CEC-ABBC-E41C2239BE52}.Debug|Any CPU.ActiveCfg = Debug|Any CPU
		{05855E11-CDC3-4CEC-ABBC-E41C2239BE52}.Debug|Any CPU.Build.0 = Debug|Any CPU
		{05855E11-CDC3-4CEC-ABBC-E41C2239BE52}.Release|Any CPU.ActiveCfg = Release|Any CPU
		{05855E11-CDC3-4CEC-ABBC-E41C2239BE52}.Release|Any CPU.Build.0 = Release|Any CPU
		{0633DD6D-153F-4478-88B6-7B4FEC50D0AA}.Debug|Any CPU.ActiveCfg = Debug|Any CPU
		{0633DD6D-153F-4478-88B6-7B4FEC50D0AA}.Debug|Any CPU.Build.0 = Debug|Any CPU
		{0633DD6D-153F-4478-88B6-7B4FEC50D0AA}.Release|Any CPU.ActiveCfg = Release|Any CPU
		{0633DD6D-153F-4478-88B6-7B4FEC50D0AA}.Release|Any CPU.Build.0 = Release|Any CPU
	EndGlobalSection
	GlobalSection(SolutionProperties) = preSolution
		HideSolutionNode = FALSE
	EndGlobalSection
	GlobalSection(ExtensibilityGlobals) = postSolution
		SolutionGuid = {D9C6931D-7E93-4063-898B-0D0047BE7FAF}
	EndGlobalSection
EndGlobal
